// !$*UTF8*$!
{
	archiveVersion = 1;
	classes = {
	};
	objectVersion = 56;
	objects = {

/* Begin PBXBuildFile section */
		A415E5CD29C46DEE00CCFB05 /* Game.swift in Sources */ = {isa = PBXBuildFile; fileRef = A415E5CC29C46DEE00CCFB05 /* Game.swift */; };
		A415E5D529C4730900CCFB05 /* Bullseye_SwiftUiTests.swift in Sources */ = {isa = PBXBuildFile; fileRef = A415E5D429C4730900CCFB05 /* Bullseye_SwiftUiTests.swift */; };
		A43B9C9329CB00B900992792 /* TextViews.swift in Sources */ = {isa = PBXBuildFile; fileRef = A43B9C9229CB00B900992792 /* TextViews.swift */; };
		A43B9C9529CB09B300992792 /* Shapes.swift in Sources */ = {isa = PBXBuildFile; fileRef = A43B9C9429CB09B300992792 /* Shapes.swift */; };
		A43B9C9729CB0D9500992792 /* RoundedViews.swift in Sources */ = {isa = PBXBuildFile; fileRef = A43B9C9629CB0D9500992792 /* RoundedViews.swift */; };
		A47CB2F029CD955D00500693 /* PointsView.swift in Sources */ = {isa = PBXBuildFile; fileRef = A47CB2EF29CD955D00500693 /* PointsView.swift */; };
		A47CB2F229CDA88E00500693 /* Constants.swift in Sources */ = {isa = PBXBuildFile; fileRef = A47CB2F129CDA88E00500693 /* Constants.swift */; };
		A47CB2F429CDACDD00500693 /* LeaderboardView.swift in Sources */ = {isa = PBXBuildFile; fileRef = A47CB2F329CDACDD00500693 /* LeaderboardView.swift */; };
		A47F9DA129BDCB1C00BCE966 /* Bullseye_SwiftUiApp.swift in Sources */ = {isa = PBXBuildFile; fileRef = A47F9DA029BDCB1C00BCE966 /* Bullseye_SwiftUiApp.swift */; };
		A47F9DA329BDCB1C00BCE966 /* ContentView.swift in Sources */ = {isa = PBXBuildFile; fileRef = A47F9DA229BDCB1C00BCE966 /* ContentView.swift */; };
		A47F9DA529BDCB1D00BCE966 /* Assets.xcassets in Resources */ = {isa = PBXBuildFile; fileRef = A47F9DA429BDCB1D00BCE966 /* Assets.xcassets */; };
		A47F9DA929BDCB1D00BCE966 /* Preview Assets.xcassets in Resources */ = {isa = PBXBuildFile; fileRef = A47F9DA829BDCB1D00BCE966 /* Preview Assets.xcassets */; };
		A4892B8429CC82C000F2F137 /* BackgroundView.swift in Sources */ = {isa = PBXBuildFile; fileRef = A4892B8329CC82C000F2F137 /* BackgroundView.swift */; };
/* End PBXBuildFile section */

/* Begin PBXContainerItemProxy section */
		A415E5D629C4730900CCFB05 /* PBXContainerItemProxy */ = {
			isa = PBXContainerItemProxy;
			containerPortal = A47F9D9529BDCB1C00BCE966 /* Project object */;
			proxyType = 1;
			remoteGlobalIDString = A47F9D9C29BDCB1C00BCE966;
			remoteInfo = Bullseye_SwiftUi;
		};
/* End PBXContainerItemProxy section */

/* Begin PBXFileReference section */
		A415E5CC29C46DEE00CCFB05 /* Game.swift */ = {isa = PBXFileReference; lastKnownFileType = sourcecode.swift; path = Game.swift; sourceTree = "<group>"; };
		A415E5D229C4730900CCFB05 /* Bullseye_SwiftUiTests.xctest */ = {isa = PBXFileReference; explicitFileType = wrapper.cfbundle; includeInIndex = 0; path = Bullseye_SwiftUiTests.xctest; sourceTree = BUILT_PRODUCTS_DIR; };
		A415E5D429C4730900CCFB05 /* Bullseye_SwiftUiTests.swift */ = {isa = PBXFileReference; lastKnownFileType = sourcecode.swift; path = Bullseye_SwiftUiTests.swift; sourceTree = "<group>"; };
		A43B9C9229CB00B900992792 /* TextViews.swift */ = {isa = PBXFileReference; lastKnownFileType = sourcecode.swift; path = TextViews.swift; sourceTree = "<group>"; };
		A43B9C9429CB09B300992792 /* Shapes.swift */ = {isa = PBXFileReference; lastKnownFileType = sourcecode.swift; path = Shapes.swift; sourceTree = "<group>"; };
		A43B9C9629CB0D9500992792 /* RoundedViews.swift */ = {isa = PBXFileReference; lastKnownFileType = sourcecode.swift; path = RoundedViews.swift; sourceTree = "<group>"; };
		A47CB2EF29CD955D00500693 /* PointsView.swift */ = {isa = PBXFileReference; lastKnownFileType = sourcecode.swift; path = PointsView.swift; sourceTree = "<group>"; };
		A47CB2F129CDA88E00500693 /* Constants.swift */ = {isa = PBXFileReference; lastKnownFileType = sourcecode.swift; path = Constants.swift; sourceTree = "<group>"; };
		A47CB2F329CDACDD00500693 /* LeaderboardView.swift */ = {isa = PBXFileReference; lastKnownFileType = sourcecode.swift; path = LeaderboardView.swift; sourceTree = "<group>"; };
		A47F9D9D29BDCB1C00BCE966 /* Bullseye_SwiftUi.app */ = {isa = PBXFileReference; explicitFileType = wrapper.application; includeInIndex = 0; path = Bullseye_SwiftUi.app; sourceTree = BUILT_PRODUCTS_DIR; };
		A47F9DA029BDCB1C00BCE966 /* Bullseye_SwiftUiApp.swift */ = {isa = PBXFileReference; lastKnownFileType = sourcecode.swift; path = Bullseye_SwiftUiApp.swift; sourceTree = "<group>"; };
		A47F9DA229BDCB1C00BCE966 /* ContentView.swift */ = {isa = PBXFileReference; lastKnownFileType = sourcecode.swift; path = ContentView.swift; sourceTree = "<group>"; };
		A47F9DA429BDCB1D00BCE966 /* Assets.xcassets */ = {isa = PBXFileReference; lastKnownFileType = folder.assetcatalog; path = Assets.xcassets; sourceTree = "<group>"; };
		A47F9DA629BDCB1D00BCE966 /* Bullseye_SwiftUi.entitlements */ = {isa = PBXFileReference; lastKnownFileType = text.plist.entitlements; path = Bullseye_SwiftUi.entitlements; sourceTree = "<group>"; };
		A47F9DA829BDCB1D00BCE966 /* Preview Assets.xcassets */ = {isa = PBXFileReference; lastKnownFileType = folder.assetcatalog; path = "Preview Assets.xcassets"; sourceTree = "<group>"; };
		A4892B8329CC82C000F2F137 /* BackgroundView.swift */ = {isa = PBXFileReference; lastKnownFileType = sourcecode.swift; path = BackgroundView.swift; sourceTree = "<group>"; };
/* End PBXFileReference section */

/* Begin PBXFrameworksBuildPhase section */
		A415E5CF29C4730900CCFB05 /* Frameworks */ = {
			isa = PBXFrameworksBuildPhase;
			buildActionMask = 2147483647;
			files = (
			);
			runOnlyForDeploymentPostprocessing = 0;
		};
		A47F9D9A29BDCB1C00BCE966 /* Frameworks */ = {
			isa = PBXFrameworksBuildPhase;
			buildActionMask = 2147483647;
			files = (
			);
			runOnlyForDeploymentPostprocessing = 0;
		};
/* End PBXFrameworksBuildPhase section */

/* Begin PBXGroup section */
		A415E5CA29C46D8D00CCFB05 /* Models */ = {
			isa = PBXGroup;
			children = (
				A415E5CC29C46DEE00CCFB05 /* Game.swift */,
				A47CB2F129CDA88E00500693 /* Constants.swift */,
			);
			path = Models;
			sourceTree = "<group>";
		};
		A415E5CB29C46DA100CCFB05 /* Views */ = {
			isa = PBXGroup;
			children = (
				A47F9DA229BDCB1C00BCE966 /* ContentView.swift */,
				A43B9C9229CB00B900992792 /* TextViews.swift */,
				A43B9C9429CB09B300992792 /* Shapes.swift */,
				A43B9C9629CB0D9500992792 /* RoundedViews.swift */,
				A4892B8329CC82C000F2F137 /* BackgroundView.swift */,
				A47CB2EF29CD955D00500693 /* PointsView.swift */,
				A47CB2F329CDACDD00500693 /* LeaderboardView.swift */,
			);
			path = Views;
			sourceTree = "<group>";
		};
		A415E5D329C4730900CCFB05 /* Bullseye_SwiftUiTests */ = {
			isa = PBXGroup;
			children = (
				A415E5D429C4730900CCFB05 /* Bullseye_SwiftUiTests.swift */,
			);
			path = Bullseye_SwiftUiTests;
			sourceTree = "<group>";
		};
		A47F9D9429BDCB1C00BCE966 = {
			isa = PBXGroup;
			children = (
				A47F9D9F29BDCB1C00BCE966 /* Bullseye_SwiftUi */,
				A415E5D329C4730900CCFB05 /* Bullseye_SwiftUiTests */,
				A47F9D9E29BDCB1C00BCE966 /* Products */,
			);
			sourceTree = "<group>";
		};
		A47F9D9E29BDCB1C00BCE966 /* Products */ = {
			isa = PBXGroup;
			children = (
				A47F9D9D29BDCB1C00BCE966 /* Bullseye_SwiftUi.app */,
				A415E5D229C4730900CCFB05 /* Bullseye_SwiftUiTests.xctest */,
			);
			name = Products;
			sourceTree = "<group>";
		};
		A47F9D9F29BDCB1C00BCE966 /* Bullseye_SwiftUi */ = {
			isa = PBXGroup;
			children = (
				A47F9DA029BDCB1C00BCE966 /* Bullseye_SwiftUiApp.swift */,
				A415E5CB29C46DA100CCFB05 /* Views */,
				A415E5CA29C46D8D00CCFB05 /* Models */,
				A47F9DA429BDCB1D00BCE966 /* Assets.xcassets */,
				A47F9DA629BDCB1D00BCE966 /* Bullseye_SwiftUi.entitlements */,
				A47F9DA729BDCB1D00BCE966 /* Preview Content */,
			);
			path = Bullseye_SwiftUi;
			sourceTree = "<group>";
		};
		A47F9DA729BDCB1D00BCE966 /* Preview Content */ = {
			isa = PBXGroup;
			children = (
				A47F9DA829BDCB1D00BCE966 /* Preview Assets.xcassets */,
			);
			path = "Preview Content";
			sourceTree = "<group>";
		};
/* End PBXGroup section */

/* Begin PBXNativeTarget section */
		A415E5D129C4730900CCFB05 /* Bullseye_SwiftUiTests */ = {
			isa = PBXNativeTarget;
			buildConfigurationList = A415E5D829C4730900CCFB05 /* Build configuration list for PBXNativeTarget "Bullseye_SwiftUiTests" */;
			buildPhases = (
				A415E5CE29C4730900CCFB05 /* Sources */,
				A415E5CF29C4730900CCFB05 /* Frameworks */,
				A415E5D029C4730900CCFB05 /* Resources */,
			);
			buildRules = (
			);
			dependencies = (
				A415E5D729C4730900CCFB05 /* PBXTargetDependency */,
			);
			name = Bullseye_SwiftUiTests;
			productName = Bullseye_SwiftUiTests;
			productReference = A415E5D229C4730900CCFB05 /* Bullseye_SwiftUiTests.xctest */;
			productType = "com.apple.product-type.bundle.unit-test";
		};
		A47F9D9C29BDCB1C00BCE966 /* Bullseye_SwiftUi */ = {
			isa = PBXNativeTarget;
			buildConfigurationList = A47F9DAC29BDCB1D00BCE966 /* Build configuration list for PBXNativeTarget "Bullseye_SwiftUi" */;
			buildPhases = (
				A47F9D9929BDCB1C00BCE966 /* Sources */,
				A47F9D9A29BDCB1C00BCE966 /* Frameworks */,
				A47F9D9B29BDCB1C00BCE966 /* Resources */,
			);
			buildRules = (
			);
			dependencies = (
			);
			name = Bullseye_SwiftUi;
			productName = Bullseye_SwiftUi;
			productReference = A47F9D9D29BDCB1C00BCE966 /* Bullseye_SwiftUi.app */;
			productType = "com.apple.product-type.application";
		};
/* End PBXNativeTarget section */

/* Begin PBXProject section */
		A47F9D9529BDCB1C00BCE966 /* Project object */ = {
			isa = PBXProject;
			attributes = {
				BuildIndependentTargetsInParallel = 1;
				LastSwiftUpdateCheck = 1420;
				LastUpgradeCheck = 1420;
				TargetAttributes = {
					A415E5D129C4730900CCFB05 = {
						CreatedOnToolsVersion = 14.2;
						TestTargetID = A47F9D9C29BDCB1C00BCE966;
					};
					A47F9D9C29BDCB1C00BCE966 = {
						CreatedOnToolsVersion = 14.2;
					};
				};
			};
			buildConfigurationList = A47F9D9829BDCB1C00BCE966 /* Build configuration list for PBXProject "Bullseye_SwiftUi" */;
			compatibilityVersion = "Xcode 14.0";
			developmentRegion = en;
			hasScannedForEncodings = 0;
			knownRegions = (
				en,
				Base,
			);
			mainGroup = A47F9D9429BDCB1C00BCE966;
			productRefGroup = A47F9D9E29BDCB1C00BCE966 /* Products */;
			projectDirPath = "";
			projectRoot = "";
			targets = (
				A47F9D9C29BDCB1C00BCE966 /* Bullseye_SwiftUi */,
				A415E5D129C4730900CCFB05 /* Bullseye_SwiftUiTests */,
			);
		};
/* End PBXProject section */

/* Begin PBXResourcesBuildPhase section */
		A415E5D029C4730900CCFB05 /* Resources */ = {
			isa = PBXResourcesBuildPhase;
			buildActionMask = 2147483647;
			files = (
			);
			runOnlyForDeploymentPostprocessing = 0;
		};
		A47F9D9B29BDCB1C00BCE966 /* Resources */ = {
			isa = PBXResourcesBuildPhase;
			buildActionMask = 2147483647;
			files = (
				A47F9DA929BDCB1D00BCE966 /* Preview Assets.xcassets in Resources */,
				A47F9DA529BDCB1D00BCE966 /* Assets.xcassets in Resources */,
			);
			runOnlyForDeploymentPostprocessing = 0;
		};
/* End PBXResourcesBuildPhase section */

/* Begin PBXSourcesBuildPhase section */
		A415E5CE29C4730900CCFB05 /* Sources */ = {
			isa = PBXSourcesBuildPhase;
			buildActionMask = 2147483647;
			files = (
				A415E5D529C4730900CCFB05 /* Bullseye_SwiftUiTests.swift in Sources */,
			);
			runOnlyForDeploymentPostprocessing = 0;
		};
		A47F9D9929BDCB1C00BCE966 /* Sources */ = {
			isa = PBXSourcesBuildPhase;
			buildActionMask = 2147483647;
			files = (
				A47CB2F429CDACDD00500693 /* LeaderboardView.swift in Sources */,
				A43B9C9729CB0D9500992792 /* RoundedViews.swift in Sources */,
				A47F9DA329BDCB1C00BCE966 /* ContentView.swift in Sources */,
				A43B9C9329CB00B900992792 /* TextViews.swift in Sources */,
				A47CB2F029CD955D00500693 /* PointsView.swift in Sources */,
				A4892B8429CC82C000F2F137 /* BackgroundView.swift in Sources */,
				A43B9C9529CB09B300992792 /* Shapes.swift in Sources */,
				A415E5CD29C46DEE00CCFB05 /* Game.swift in Sources */,
				A47F9DA129BDCB1C00BCE966 /* Bullseye_SwiftUiApp.swift in Sources */,
				A47CB2F229CDA88E00500693 /* Constants.swift in Sources */,
			);
			runOnlyForDeploymentPostprocessing = 0;
		};
/* End PBXSourcesBuildPhase section */

/* Begin PBXTargetDependency section */
		A415E5D729C4730900CCFB05 /* PBXTargetDependency */ = {
			isa = PBXTargetDependency;
			target = A47F9D9C29BDCB1C00BCE966 /* Bullseye_SwiftUi */;
			targetProxy = A415E5D629C4730900CCFB05 /* PBXContainerItemProxy */;
		};
/* End PBXTargetDependency section */

/* Begin XCBuildConfiguration section */
		A415E5D929C4730900CCFB05 /* Debug */ = {
			isa = XCBuildConfiguration;
			buildSettings = {
				BUNDLE_LOADER = "$(TEST_HOST)";
				CODE_SIGN_STYLE = Automatic;
				CURRENT_PROJECT_VERSION = 1;
				DEVELOPMENT_TEAM = LLY773EGT4;
				GENERATE_INFOPLIST_FILE = YES;
				IPHONEOS_DEPLOYMENT_TARGET = 16.2;
				MACOSX_DEPLOYMENT_TARGET = 13.1;
				MARKETING_VERSION = 1.0;
				PRODUCT_BUNDLE_IDENTIFIER = "com.BlackPearlApplications.Bullseye-SwiftUiTests";
				PRODUCT_NAME = "$(TARGET_NAME)";
				SDKROOT = auto;
				SUPPORTED_PLATFORMS = "iphoneos iphonesimulator macosx";
				SWIFT_EMIT_LOC_STRINGS = NO;
				SWIFT_VERSION = 5.0;
				TARGETED_DEVICE_FAMILY = "1,2";
				TEST_HOST = "$(BUILT_PRODUCTS_DIR)/Bullseye_SwiftUi.app/$(BUNDLE_EXECUTABLE_FOLDER_PATH)/Bullseye_SwiftUi";
			};
			name = Debug;
		};
		A415E5DA29C4730900CCFB05 /* Release */ = {
			isa = XCBuildConfiguration;
			buildSettings = {
				BUNDLE_LOADER = "$(TEST_HOST)";
				CODE_SIGN_STYLE = Automatic;
				CURRENT_PROJECT_VERSION = 1;
				DEVELOPMENT_TEAM = LLY773EGT4;
				GENERATE_INFOPLIST_FILE = YES;
				IPHONEOS_DEPLOYMENT_TARGET = 16.2;
				MACOSX_DEPLOYMENT_TARGET = 13.1;
				MARKETING_VERSION = 1.0;
				PRODUCT_BUNDLE_IDENTIFIER = "com.BlackPearlApplications.Bullseye-SwiftUiTests";
				PRODUCT_NAME = "$(TARGET_NAME)";
				SDKROOT = auto;
				SUPPORTED_PLATFORMS = "iphoneos iphonesimulator macosx";
				SWIFT_EMIT_LOC_STRINGS = NO;
				SWIFT_VERSION = 5.0;
				TARGETED_DEVICE_FAMILY = "1,2";
				TEST_HOST = "$(BUILT_PRODUCTS_DIR)/Bullseye_SwiftUi.app/$(BUNDLE_EXECUTABLE_FOLDER_PATH)/Bullseye_SwiftUi";
			};
			name = Release;
		};
		A47F9DAA29BDCB1D00BCE966 /* Debug */ = {
			isa = XCBuildConfiguration;
			buildSettings = {
				ALWAYS_SEARCH_USER_PATHS = NO;
				CLANG_ANALYZER_NONNULL = YES;
				CLANG_ANALYZER_NUMBER_OBJECT_CONVERSION = YES_AGGRESSIVE;
				CLANG_CXX_LANGUAGE_STANDARD = "gnu++20";
				CLANG_ENABLE_MODULES = YES;
				CLANG_ENABLE_OBJC_ARC = YES;
				CLANG_ENABLE_OBJC_WEAK = YES;
				CLANG_WARN_BLOCK_CAPTURE_AUTORELEASING = YES;
				CLANG_WARN_BOOL_CONVERSION = YES;
				CLANG_WARN_COMMA = YES;
				CLANG_WARN_CONSTANT_CONVERSION = YES;
				CLANG_WARN_DEPRECATED_OBJC_IMPLEMENTATIONS = YES;
				CLANG_WARN_DIRECT_OBJC_ISA_USAGE = YES_ERROR;
				CLANG_WARN_DOCUMENTATION_COMMENTS = YES;
				CLANG_WARN_EMPTY_BODY = YES;
				CLANG_WARN_ENUM_CONVERSION = YES;
				CLANG_WARN_INFINITE_RECURSION = YES;
				CLANG_WARN_INT_CONVERSION = YES;
				CLANG_WARN_NON_LITERAL_NULL_CONVERSION = YES;
				CLANG_WARN_OBJC_IMPLICIT_RETAIN_SELF = YES;
				CLANG_WARN_OBJC_LITERAL_CONVERSION = YES;
				CLANG_WARN_OBJC_ROOT_CLASS = YES_ERROR;
				CLANG_WARN_QUOTED_INCLUDE_IN_FRAMEWORK_HEADER = YES;
				CLANG_WARN_RANGE_LOOP_ANALYSIS = YES;
				CLANG_WARN_STRICT_PROTOTYPES = YES;
				CLANG_WARN_SUSPICIOUS_MOVE = YES;
				CLANG_WARN_UNGUARDED_AVAILABILITY = YES_AGGRESSIVE;
				CLANG_WARN_UNREACHABLE_CODE = YES;
				CLANG_WARN__DUPLICATE_METHOD_MATCH = YES;
				COPY_PHASE_STRIP = NO;
				DEBUG_INFORMATION_FORMAT = dwarf;
				ENABLE_STRICT_OBJC_MSGSEND = YES;
				ENABLE_TESTABILITY = YES;
				GCC_C_LANGUAGE_STANDARD = gnu11;
				GCC_DYNAMIC_NO_PIC = NO;
				GCC_NO_COMMON_BLOCKS = YES;
				GCC_OPTIMIZATION_LEVEL = 0;
				GCC_PREPROCESSOR_DEFINITIONS = (
					"DEBUG=1",
					"$(inherited)",
				);
				GCC_WARN_64_TO_32_BIT_CONVERSION = YES;
				GCC_WARN_ABOUT_RETURN_TYPE = YES_ERROR;
				GCC_WARN_UNDECLARED_SELECTOR = YES;
				GCC_WARN_UNINITIALIZED_AUTOS = YES_AGGRESSIVE;
				GCC_WARN_UNUSED_FUNCTION = YES;
				GCC_WARN_UNUSED_VARIABLE = YES;
				MTL_ENABLE_DEBUG_INFO = INCLUDE_SOURCE;
				MTL_FAST_MATH = YES;
				ONLY_ACTIVE_ARCH = YES;
				SWIFT_ACTIVE_COMPILATION_CONDITIONS = DEBUG;
				SWIFT_OPTIMIZATION_LEVEL = "-Onone";
			};
			name = Debug;
		};
		A47F9DAB29BDCB1D00BCE966 /* Release */ = {
			isa = XCBuildConfiguration;
			buildSettings = {
				ALWAYS_SEARCH_USER_PATHS = NO;
				CLANG_ANALYZER_NONNULL = YES;
				CLANG_ANALYZER_NUMBER_OBJECT_CONVERSION = YES_AGGRESSIVE;
				CLANG_CXX_LANGUAGE_STANDARD = "gnu++20";
				CLANG_ENABLE_MODULES = YES;
				CLANG_ENABLE_OBJC_ARC = YES;
				CLANG_ENABLE_OBJC_WEAK = YES;
				CLANG_WARN_BLOCK_CAPTURE_AUTORELEASING = YES;
				CLANG_WARN_BOOL_CONVERSION = YES;
				CLANG_WARN_COMMA = YES;
				CLANG_WARN_CONSTANT_CONVERSION = YES;
				CLANG_WARN_DEPRECATED_OBJC_IMPLEMENTATIONS = YES;
				CLANG_WARN_DIRECT_OBJC_ISA_USAGE = YES_ERROR;
				CLANG_WARN_DOCUMENTATION_COMMENTS = YES;
				CLANG_WARN_EMPTY_BODY = YES;
				CLANG_WARN_ENUM_CONVERSION = YES;
				CLANG_WARN_INFINITE_RECURSION = YES;
				CLANG_WARN_INT_CONVERSION = YES;
				CLANG_WARN_NON_LITERAL_NULL_CONVERSION = YES;
				CLANG_WARN_OBJC_IMPLICIT_RETAIN_SELF = YES;
				CLANG_WARN_OBJC_LITERAL_CONVERSION = YES;
				CLANG_WARN_OBJC_ROOT_CLASS = YES_ERROR;
				CLANG_WARN_QUOTED_INCLUDE_IN_FRAMEWORK_HEADER = YES;
				CLANG_WARN_RANGE_LOOP_ANALYSIS = YES;
				CLANG_WARN_STRICT_PROTOTYPES = YES;
				CLANG_WARN_SUSPICIOUS_MOVE = YES;
				CLANG_WARN_UNGUARDED_AVAILABILITY = YES_AGGRESSIVE;
				CLANG_WARN_UNREACHABLE_CODE = YES;
				CLANG_WARN__DUPLICATE_METHOD_MATCH = YES;
				COPY_PHASE_STRIP = NO;
				DEBUG_INFORMATION_FORMAT = "dwarf-with-dsym";
				ENABLE_NS_ASSERTIONS = NO;
				ENABLE_STRICT_OBJC_MSGSEND = YES;
				GCC_C_LANGUAGE_STANDARD = gnu11;
				GCC_NO_COMMON_BLOCKS = YES;
				GCC_WARN_64_TO_32_BIT_CONVERSION = YES;
				GCC_WARN_ABOUT_RETURN_TYPE = YES_ERROR;
				GCC_WARN_UNDECLARED_SELECTOR = YES;
				GCC_WARN_UNINITIALIZED_AUTOS = YES_AGGRESSIVE;
				GCC_WARN_UNUSED_FUNCTION = YES;
				GCC_WARN_UNUSED_VARIABLE = YES;
				MTL_ENABLE_DEBUG_INFO = NO;
				MTL_FAST_MATH = YES;
				SWIFT_COMPILATION_MODE = wholemodule;
				SWIFT_OPTIMIZATION_LEVEL = "-O";
			};
			name = Release;
		};
		A47F9DAD29BDCB1D00BCE966 /* Debug */ = {
			isa = XCBuildConfiguration;
			buildSettings = {
				ASSETCATALOG_COMPILER_APPICON_NAME = AppIcon;
				ASSETCATALOG_COMPILER_GLOBAL_ACCENT_COLOR_NAME = AccentColor;
				CODE_SIGN_ENTITLEMENTS = Bullseye_SwiftUi/Bullseye_SwiftUi.entitlements;
				CODE_SIGN_STYLE = Automatic;
				CURRENT_PROJECT_VERSION = 1;
				DEVELOPMENT_ASSET_PATHS = "\"Bullseye_SwiftUi/Preview Content\"";
				DEVELOPMENT_TEAM = LLY773EGT4;
				ENABLE_HARDENED_RUNTIME = YES;
				ENABLE_PREVIEWS = YES;
				GENERATE_INFOPLIST_FILE = YES;
				INFOPLIST_KEY_CFBundleDisplayName = "Bull's Eye";
				"INFOPLIST_KEY_UIApplicationSceneManifest_Generation[sdk=iphoneos*]" = YES;
				"INFOPLIST_KEY_UIApplicationSceneManifest_Generation[sdk=iphonesimulator*]" = YES;
				"INFOPLIST_KEY_UIApplicationSupportsIndirectInputEvents[sdk=iphoneos*]" = YES;
				"INFOPLIST_KEY_UIApplicationSupportsIndirectInputEvents[sdk=iphonesimulator*]" = YES;
				"INFOPLIST_KEY_UILaunchScreen_Generation[sdk=iphoneos*]" = YES;
				"INFOPLIST_KEY_UILaunchScreen_Generation[sdk=iphonesimulator*]" = YES;
				"INFOPLIST_KEY_UIStatusBarStyle[sdk=iphoneos*]" = UIStatusBarStyleDefault;
				"INFOPLIST_KEY_UIStatusBarStyle[sdk=iphonesimulator*]" = UIStatusBarStyleDefault;
				INFOPLIST_KEY_UISupportedInterfaceOrientations_iPad = "UIInterfaceOrientationPortrait UIInterfaceOrientationPortraitUpsideDown UIInterfaceOrientationLandscapeLeft UIInterfaceOrientationLandscapeRight";
				INFOPLIST_KEY_UISupportedInterfaceOrientations_iPhone = "UIInterfaceOrientationPortrait UIInterfaceOrientationLandscapeLeft UIInterfaceOrientationLandscapeRight";
				IPHONEOS_DEPLOYMENT_TARGET = 16.2;
				LD_RUNPATH_SEARCH_PATHS = "@executable_path/Frameworks";
				"LD_RUNPATH_SEARCH_PATHS[sdk=macosx*]" = "@executable_path/../Frameworks";
				MACOSX_DEPLOYMENT_TARGET = 13.1;
				MARKETING_VERSION = 1.0;
				PRODUCT_BUNDLE_IDENTIFIER = "com.BlackPearlApplications.Bullseye-SwiftUi";
				PRODUCT_NAME = "$(TARGET_NAME)";
				SDKROOT = auto;
				SUPPORTED_PLATFORMS = "iphoneos iphonesimulator macosx";
				SWIFT_EMIT_LOC_STRINGS = YES;
				SWIFT_VERSION = 5.0;
				TARGETED_DEVICE_FAMILY = "1,2";
			};
			name = Debug;
		};
		A47F9DAE29BDCB1D00BCE966 /* Release */ = {
			isa = XCBuildConfiguration;
			buildSettings = {
				ASSETCATALOG_COMPILER_APPICON_NAME = AppIcon;
				ASSETCATALOG_COMPILER_GLOBAL_ACCENT_COLOR_NAME = AccentColor;
				CODE_SIGN_ENTITLEMENTS = Bullseye_SwiftUi/Bullseye_SwiftUi.entitlements;
				CODE_SIGN_STYLE = Automatic;
				CURRENT_PROJECT_VERSION = 1;
				DEVELOPMENT_ASSET_PATHS = "\"Bullseye_SwiftUi/Preview Content\"";
				DEVELOPMENT_TEAM = LLY773EGT4;
				ENABLE_HARDENED_RUNTIME = YES;
				ENABLE_PREVIEWS = YES;
				GENERATE_INFOPLIST_FILE = YES;
				INFOPLIST_KEY_CFBundleDisplayName = "Bull's Eye";
				"INFOPLIST_KEY_UIApplicationSceneManifest_Generation[sdk=iphoneos*]" = YES;
				"INFOPLIST_KEY_UIApplicationSceneManifest_Generation[sdk=iphonesimulator*]" = YES;
				"INFOPLIST_KEY_UIApplicationSupportsIndirectInputEvents[sdk=iphoneos*]" = YES;
				"INFOPLIST_KEY_UIApplicationSupportsIndirectInputEvents[sdk=iphonesimulator*]" = YES;
				"INFOPLIST_KEY_UILaunchScreen_Generation[sdk=iphoneos*]" = YES;
				"INFOPLIST_KEY_UILaunchScreen_Generation[sdk=iphonesimulator*]" = YES;
				"INFOPLIST_KEY_UIStatusBarStyle[sdk=iphoneos*]" = UIStatusBarStyleDefault;
				"INFOPLIST_KEY_UIStatusBarStyle[sdk=iphonesimulator*]" = UIStatusBarStyleDefault;
				INFOPLIST_KEY_UISupportedInterfaceOrientations_iPad = "UIInterfaceOrientationPortrait UIInterfaceOrientationPortraitUpsideDown UIInterfaceOrientationLandscapeLeft UIInterfaceOrientationLandscapeRight";
				INFOPLIST_KEY_UISupportedInterfaceOrientations_iPhone = "UIInterfaceOrientationPortrait UIInterfaceOrientationLandscapeLeft UIInterfaceOrientationLandscapeRight";
				IPHONEOS_DEPLOYMENT_TARGET = 16.2;
				LD_RUNPATH_SEARCH_PATHS = "@executable_path/Frameworks";
				"LD_RUNPATH_SEARCH_PATHS[sdk=macosx*]" = "@executable_path/../Frameworks";
				MACOSX_DEPLOYMENT_TARGET = 13.1;
				MARKETING_VERSION = 1.0;
				PRODUCT_BUNDLE_IDENTIFIER = "com.BlackPearlApplications.Bullseye-SwiftUi";
				PRODUCT_NAME = "$(TARGET_NAME)";
				SDKROOT = auto;
				SUPPORTED_PLATFORMS = "iphoneos iphonesimulator macosx";
				SWIFT_EMIT_LOC_STRINGS = YES;
				SWIFT_VERSION = 5.0;
				TARGETED_DEVICE_FAMILY = "1,2";
			};
			name = Release;
		};
/* End XCBuildConfiguration section */

/* Begin XCConfigurationList section */
		A415E5D829C4730900CCFB05 /* Build configuration list for PBXNativeTarget "Bullseye_SwiftUiTests" */ = {
			isa = XCConfigurationList;
			buildConfigurations = (
				A415E5D929C4730900CCFB05 /* Debug */,
				A415E5DA29C4730900CCFB05 /* Release */,
			);
			defaultConfigurationIsVisible = 0;
			defaultConfigurationName = Release;
		};
		A47F9D9829BDCB1C00BCE966 /* Build configuration list for PBXProject "Bullseye_SwiftUi" */ = {
			isa = XCConfigurationList;
			buildConfigurations = (
				A47F9DAA29BDCB1D00BCE966 /* Debug */,
				A47F9DAB29BDCB1D00BCE966 /* Release */,
			);
			defaultConfigurationIsVisible = 0;
			defaultConfigurationName = Release;
		};
		A47F9DAC29BDCB1D00BCE966 /* Build configuration list for PBXNativeTarget "Bullseye_SwiftUi" */ = {
			isa = XCConfigurationList;
			buildConfigurations = (
				A47F9DAD29BDCB1D00BCE966 /* Debug */,
				A47F9DAE29BDCB1D00BCE966 /* Release */,
			);
			defaultConfigurationIsVisible = 0;
			defaultConfigurationName = Release;
		};
/* End XCConfigurationList section */
	};
	rootObject = A47F9D9529BDCB1C00BCE966 /* Project object */;
}
